
Microsoft Visual Studio Solution File, Format Version 12.00
# Visual Studio Version 16
VisualStudioVersion = 16.0.32602.291
MinimumVisualStudioVersion = 10.0.40219.1
Project("{8BC9CEB8-8B4A-11D0-8D11-00A0C91BC942}") = "QtPlugin", "qt_plugin.vcxproj", "{3024DBAD-9848-4E42-906D-2AB408A95F81}"
EndProject
Global
	GlobalSection(SolutionConfigurationPlatforms) = preSolution
		Debug|x64 = Debug|x64
		Debug|x86 = Debug|x86
		Release|x64 = Release|x64
		Release|x86 = Release|x86
	EndGlobalSection
	GlobalSection(ProjectConfigurationPlatforms) = postSolution
		{3024DBAD-9848-4E42-906D-2AB408A95F81}.Debug|x64.ActiveCfg = Debug|x64
		{3024DBAD-9848-4E42-906D-2AB408A95F81}.Debug|x64.Build.0 = Debug|x64
		{3024DBAD-9848-4E42-906D-2AB408A95F81}.Debug|x86.ActiveCfg = Debug|Win32
		{3024DBAD-9848-4E42-906D-2AB408A95F81}.Debug|x86.Build.0 = Debug|Win32
		{3024DBAD-9848-4E42-906D-2AB408A95F81}.Release|x64.ActiveCfg = Release|x64
		{3024DBAD-9848-4E42-906D-2AB408A95F81}.Release|x64.Build.0 = Release|x64
		{3024DBAD-9848-4E42-906D-2AB408A95F81}.Release|x86.ActiveCfg = Release|Win32
		{3024DBAD-9848-4E42-906D-2AB408A95F81}.Release|x86.Build.0 = Release|Win32
	EndGlobalSection
	GlobalSection(SolutionProperties) = preSolution
		HideSolutionNode = FALSE
	EndGlobalSection
	GlobalSection(ExtensibilityGlobals) = postSolution
		SolutionGuid = {794DB19E-60DB-4AB3-B655-AAB350E0FAC6}
	EndGlobalSection
EndGlobal
